
Microsoft Visual Studio Solution File, Format Version 12.00
# Visual Studio Version 17
VisualStudioVersion = 17.9.34728.123
MinimumVisualStudioVersion = 10.0.40219.1
Project("{FAE04EC0-301F-11D3-BF4B-00C04F79EFBC}") = "DotNet8Authentication", "DotNet8Authentication\DotNet8Authentication.csproj", "{400873D5-1779-4052-A984-EEA449B3FB98}"
EndProject
Global
	GlobalSection(SolutionConfigurationPlatforms) = preSolution
		Debug|Any CPU = Debug|Any CPU
		Release|Any CPU = Release|Any CPU
	EndGlobalSection
	GlobalSection(ProjectConfigurationPlatforms) = postSolution
		{400873D5-1779-4052-A984-EEA449B3FB98}.Debug|Any CPU.ActiveCfg = Debug|Any CPU
		{400873D5-1779-4052-A984-EEA449B3FB98}.Debug|Any CPU.Build.0 = Debug|Any CPU
		{400873D5-1779-4052-A984-EEA449B3FB98}.Release|Any CPU.ActiveCfg = Release|Any CPU
		{400873D5-1779-4052-A984-EEA449B3FB98}.Release|Any CPU.Build.0 = Release|Any CPU
	EndGlobalSection
	GlobalSection(SolutionProperties) = preSolution
		HideSolutionNode = FALSE
	EndGlobalSection
	GlobalSection(ExtensibilityGlobals) = postSolution
		SolutionGuid = {4F0B46CF-074F-4254-AEB4-2A7B5150A38A}
	EndGlobalSection
EndGlobal
